// !$*UTF8*$!
{
	archiveVersion = 1;
	classes = {
	};
	objectVersion = 46;
	objects = {

/* Begin PBXBuildFile section */
		CE89224E1B040E8C0046FA64 /* main.m in Sources */ = {isa = PBXBuildFile; fileRef = CE89224D1B040E8C0046FA64 /* main.m */; };
		CE8922511B040E8C0046FA64 /* AppDelegate.m in Sources */ = {isa = PBXBuildFile; fileRef = CE8922501B040E8C0046FA64 /* AppDelegate.m */; };
		CE8922541B040E8C0046FA64 /* ViewController.m in Sources */ = {isa = PBXBuildFile; fileRef = CE8922531B040E8C0046FA64 /* ViewController.m */; };
		CE8922571B040E8C0046FA64 /* Main.storyboard in Resources */ = {isa = PBXBuildFile; fileRef = CE8922551B040E8C0046FA64 /* Main.storyboard */; };
		CE8922591B040E8C0046FA64 /* Images.xcassets in Resources */ = {isa = PBXBuildFile; fileRef = CE8922581B040E8C0046FA64 /* Images.xcassets */; };
		CE89225C1B040E8C0046FA64 /* LaunchScreen.xib in Resources */ = {isa = PBXBuildFile; fileRef = CE89225A1B040E8C0046FA64 /* LaunchScreen.xib */; };
		CE8922681B040E8C0046FA64 /* GitHubExampleTests.m in Sources */ = {isa = PBXBuildFile; fileRef = CE8922671B040E8C0046FA64 /* GitHubExampleTests.m */; };
/* End PBXBuildFile section */

/* Begin PBXContainerItemProxy section */
		CE8922621B040E8C0046FA64 /* PBXContainerItemProxy */ = {
			isa = PBXContainerItemProxy;
			containerPortal = CE8922401B040E8C0046FA64 /* Project object */;
			proxyType = 1;
			remoteGlobalIDString = CE8922471B040E8C0046FA64;
			remoteInfo = GitHubExample;
		};
/* End PBXContainerItemProxy section */

/* Begin PBXFileReference section */
		CE8922481B040E8C0046FA64 /* GitHubExample.app */ = {isa = PBXFileReference; explicitFileType = wrapper.application; includeInIndex = 0; path = GitHubExample.app; sourceTree = BUILT_PRODUCTS_DIR; };
		CE89224C1B040E8C0046FA64 /* Info.plist */ = {isa = PBXFileReference; lastKnownFileType = text.plist.xml; path = Info.plist; sourceTree = "<group>"; };
		CE89224D1B040E8C0046FA64 /* main.m */ = {isa = PBXFileReference; lastKnownFileType = sourcecode.c.objc; path = main.m; sourceTree = "<group>"; };
		CE89224F1B040E8C0046FA64 /* AppDelegate.h */ = {isa = PBXFileReference; lastKnownFileType = sourcecode.c.h; path = AppDelegate.h; sourceTree = "<group>"; };
		CE8922501B040E8C0046FA64 /* AppDelegate.m */ = {isa = PBXFileReference; lastKnownFileType = sourcecode.c.objc; path = AppDelegate.m; sourceTree = "<group>"; };
		CE8922521B040E8C0046FA64 /* ViewController.h */ = {isa = PBXFileReference; lastKnownFileType = sourcecode.c.h; path = ViewController.h; sourceTree = "<group>"; };
		CE8922531B040E8C0046FA64 /* ViewController.m */ = {isa = PBXFileReference; lastKnownFileType = sourcecode.c.objc; path = ViewController.m; sourceTree = "<group>"; };
		CE8922561B040E8C0046FA64 /* Base */ = {isa = PBXFileReference; lastKnownFileType = file.storyboard; name = Base; path = Base.lproj/Main.storyboard; sourceTree = "<group>"; };
		CE8922581B040E8C0046FA64 /* Images.xcassets */ = {isa = PBXFileReference; lastKnownFileType = folder.assetcatalog; path = Images.xcassets; sourceTree = "<group>"; };
		CE89225B1B040E8C0046FA64 /* Base */ = {isa = PBXFileReference; lastKnownFileType = file.xib; name = Base; path = Base.lproj/LaunchScreen.xib; sourceTree = "<group>"; };
		CE8922611B040E8C0046FA64 /* GitHubExampleTests.xctest */ = {isa = PBXFileReference; explicitFileType = wrapper.cfbundle; includeInIndex = 0; path = GitHubExampleTests.xctest; sourceTree = BUILT_PRODUCTS_DIR; };
		CE8922661B040E8C0046FA64 /* Info.plist */ = {isa = PBXFileReference; lastKnownFileType = text.plist.xml; path = Info.plist; sourceTree = "<group>"; };
		CE8922671B040E8C0046FA64 /* GitHubExampleTests.m */ = {isa = PBXFileReference; lastKnownFileType = sourcecode.c.objc; path = GitHubExampleTests.m; sourceTree = "<group>"; };
/* End PBXFileReference section */

/* Begin PBXFrameworksBuildPhase section */
		CE8922451B040E8C0046FA64 /* Frameworks */ = {
			isa = PBXFrameworksBuildPhase;
			buildActionMask = 2147483647;
			files = (
			);
			runOnlyForDeploymentPostprocessing = 0;
		};
		CE89225E1B040E8C0046FA64 /* Frameworks */ = {
			isa = PBXFrameworksBuildPhase;
			buildActionMask = 2147483647;
			files = (
			);
			runOnlyForDeploymentPostprocessing = 0;
		};
/* End PBXFrameworksBuildPhase section */

/* Begin PBXGroup section */
		CE89223F1B040E8C0046FA64 = {
			isa = PBXGroup;
			children = (
				CE89224A1B040E8C0046FA64 /* GitHubExample */,
				CE8922641B040E8C0046FA64 /* GitHubExampleTests */,
				CE8922491B040E8C0046FA64 /* Products */,
			);
			sourceTree = "<group>";
		};
		CE8922491B040E8C0046FA64 /* Products */ = {
			isa = PBXGroup;
			children = (
				CE8922481B040E8C0046FA64 /* GitHubExample.app */,
				CE8922611B040E8C0046FA64 /* GitHubExampleTests.xctest */,
			);
			name = Products;
			sourceTree = "<group>";
		};
		CE89224A1B040E8C0046FA64 /* GitHubExample */ = {
			isa = PBXGroup;
			children = (
				CE89224F1B040E8C0046FA64 /* AppDelegate.h */,
				CE8922501B040E8C0046FA64 /* AppDelegate.m */,
				CE8922521B040E8C0046FA64 /* ViewController.h */,
				CE8922531B040E8C0046FA64 /* ViewController.m */,
				CE8922551B040E8C0046FA64 /* Main.storyboard */,
				CE8922581B040E8C0046FA64 /* Images.xcassets */,
				CE89225A1B040E8C0046FA64 /* LaunchScreen.xib */,
				CE89224B1B040E8C0046FA64 /* Supporting Files */,
			);
			path = GitHubExample;
			sourceTree = "<group>";
		};
		CE89224B1B040E8C0046FA64 /* Supporting Files */ = {
			isa = PBXGroup;
			children = (
				CE89224C1B040E8C0046FA64 /* Info.plist */,
				CE89224D1B040E8C0046FA64 /* main.m */,
			);
			name = "Supporting Files";
			sourceTree = "<group>";
		};
		CE8922641B040E8C0046FA64 /* GitHubExampleTests */ = {
			isa = PBXGroup;
			children = (
				CE8922671B040E8C0046FA64 /* GitHubExampleTests.m */,
				CE8922651B040E8C0046FA64 /* Supporting Files */,
			);
			path = GitHubExampleTests;
			sourceTree = "<group>";
		};
		CE8922651B040E8C0046FA64 /* Supporting Files */ = {
			isa = PBXGroup;
			children = (
				CE8922661B040E8C0046FA64 /* Info.plist */,
			);
			name = "Supporting Files";
			sourceTree = "<group>";
		};
/* End PBXGroup section */

/* Begin PBXNativeTarget section */
		CE8922471B040E8C0046FA64 /* GitHubExample */ = {
			isa = PBXNativeTarget;
			buildConfigurationList = CE89226B1B040E8C0046FA64 /* Build configuration list for PBXNativeTarget "GitHubExample" */;
			buildPhases = (
				CE8922441B040E8C0046FA64 /* Sources */,
				CE8922451B040E8C0046FA64 /* Frameworks */,
				CE8922461B040E8C0046FA64 /* Resources */,
			);
			buildRules = (
			);
			dependencies = (
			);
			name = GitHubExample;
			productName = GitHubExample;
			productReference = CE8922481B040E8C0046FA64 /* GitHubExample.app */;
			productType = "com.apple.product-type.application";
		};
		CE8922601B040E8C0046FA64 /* GitHubExampleTests */ = {
			isa = PBXNativeTarget;
			buildConfigurationList = CE89226E1B040E8C0046FA64 /* Build configuration list for PBXNativeTarget "GitHubExampleTests" */;
			buildPhases = (
				CE89225D1B040E8C0046FA64 /* Sources */,
				CE89225E1B040E8C0046FA64 /* Frameworks */,
				CE89225F1B040E8C0046FA64 /* Resources */,
			);
			buildRules = (
			);
			dependencies = (
				CE8922631B040E8C0046FA64 /* PBXTargetDependency */,
			);
			name = GitHubExampleTests;
			productName = GitHubExampleTests;
			productReference = CE8922611B040E8C0046FA64 /* GitHubExampleTests.xctest */;
			productType = "com.apple.product-type.bundle.unit-test";
		};
/* End PBXNativeTarget section */

/* Begin PBXProject section */
		CE8922401B040E8C0046FA64 /* Project object */ = {
			isa = PBXProject;
			attributes = {
				LastUpgradeCheck = 0610;
				ORGANIZATIONNAME = Max;
				TargetAttributes = {
					CE8922471B040E8C0046FA64 = {
						CreatedOnToolsVersion = 6.1.1;
					};
					CE8922601B040E8C0046FA64 = {
						CreatedOnToolsVersion = 6.1.1;
						TestTargetID = CE8922471B040E8C0046FA64;
					};
				};
			};
			buildConfigurationList = CE8922431B040E8C0046FA64 /* Build configuration list for PBXProject "GitHubExample" */;
			compatibilityVersion = "Xcode 3.2";
			developmentRegion = English;
			hasScannedForEncodings = 0;
			knownRegions = (
				en,
				Base,
			);
			mainGroup = CE89223F1B040E8C0046FA64;
			productRefGroup = CE8922491B040E8C0046FA64 /* Products */;
			projectDirPath = "";
			projectRoot = "";
			targets = (
				CE8922471B040E8C0046FA64 /* GitHubExample */,
				CE8922601B040E8C0046FA64 /* GitHubExampleTests */,
			);
		};
/* End PBXProject section */

/* Begin PBXResourcesBuildPhase section */
		CE8922461B040E8C0046FA64 /* Resources */ = {
			isa = PBXResourcesBuildPhase;
			buildActionMask = 2147483647;
			files = (
				CE8922571B040E8C0046FA64 /* Main.storyboard in Resources */,
				CE89225C1B040E8C0046FA64 /* LaunchScreen.xib in Resources */,
				CE8922591B040E8C0046FA64 /* Images.xcassets in Resources */,
			);
			runOnlyForDeploymentPostprocessing = 0;
		};
		CE89225F1B040E8C0046FA64 /* Resources */ = {
			isa = PBXResourcesBuildPhase;
			buildActionMask = 2147483647;
			files = (
			);
			runOnlyForDeploymentPostprocessing = 0;
		};
/* End PBXResourcesBuildPhase section */

/* Begin PBXSourcesBuildPhase section */
		CE8922441B040E8C0046FA64 /* Sources */ = {
			isa = PBXSourcesBuildPhase;
			buildActionMask = 2147483647;
			files = (
				CE8922541B040E8C0046FA64 /* ViewController.m in Sources */,
				CE8922511B040E8C0046FA64 /* AppDelegate.m in Sources */,
				CE89224E1B040E8C0046FA64 /* main.m in Sources */,
			);
			runOnlyForDeploymentPostprocessing = 0;
		};
		CE89225D1B040E8C0046FA64 /* Sources */ = {
			isa = PBXSourcesBuildPhase;
			buildActionMask = 2147483647;
			files = (
				CE8922681B040E8C0046FA64 /* GitHubExampleTests.m in Sources */,
			);
			runOnlyForDeploymentPostprocessing = 0;
		};
/* End PBXSourcesBuildPhase section */

/* Begin PBXTargetDependency section */
		CE8922631B040E8C0046FA64 /* PBXTargetDependency */ = {
			isa = PBXTargetDependency;
			target = CE8922471B040E8C0046FA64 /* GitHubExample */;
			targetProxy = CE8922621B040E8C0046FA64 /* PBXContainerItemProxy */;
		};
/* End PBXTargetDependency section */

/* Begin PBXVariantGroup section */
		CE8922551B040E8C0046FA64 /* Main.storyboard */ = {
			isa = PBXVariantGroup;
			children = (
				CE8922561B040E8C0046FA64 /* Base */,
			);
			name = Main.storyboard;
			sourceTree = "<group>";
		};
		CE89225A1B040E8C0046FA64 /* LaunchScreen.xib */ = {
			isa = PBXVariantGroup;
			children = (
				CE89225B1B040E8C0046FA64 /* Base */,
			);
			name = LaunchScreen.xib;
			sourceTree = "<group>";
		};
/* End PBXVariantGroup section */

/* Begin XCBuildConfiguration section */
		CE8922691B040E8C0046FA64 /* Debug */ = {
			isa = XCBuildConfiguration;
			buildSettings = {
				ALWAYS_SEARCH_USER_PATHS = NO;
				CLANG_CXX_LANGUAGE_STANDARD = "gnu++0x";
				CLANG_CXX_LIBRARY = "libc++";
				CLANG_ENABLE_MODULES = YES;
				CLANG_ENABLE_OBJC_ARC = YES;
				CLANG_WARN_BOOL_CONVERSION = YES;
				CLANG_WARN_CONSTANT_CONVERSION = YES;
				CLANG_WARN_DIRECT_OBJC_ISA_USAGE = YES_ERROR;
				CLANG_WARN_EMPTY_BODY = YES;
				CLANG_WARN_ENUM_CONVERSION = YES;
				CLANG_WARN_INT_CONVERSION = YES;
				CLANG_WARN_OBJC_ROOT_CLASS = YES_ERROR;
				CLANG_WARN_UNREACHABLE_CODE = YES;
				CLANG_WARN__DUPLICATE_METHOD_MATCH = YES;
				"CODE_SIGN_IDENTITY[sdk=iphoneos*]" = "iPhone Developer";
				COPY_PHASE_STRIP = NO;
				ENABLE_STRICT_OBJC_MSGSEND = YES;
				GCC_C_LANGUAGE_STANDARD = gnu99;
				GCC_DYNAMIC_NO_PIC = NO;
				GCC_OPTIMIZATION_LEVEL = 0;
				GCC_PREPROCESSOR_DEFINITIONS = (
					"DEBUG=1",
					"$(inherited)",
				);
				GCC_SYMBOLS_PRIVATE_EXTERN = NO;
				GCC_WARN_64_TO_32_BIT_CONVERSION = YES;
				GCC_WARN_ABOUT_RETURN_TYPE = YES_ERROR;
				GCC_WARN_UNDECLARED_SELECTOR = YES;
				GCC_WARN_UNINITIALIZED_AUTOS = YES_AGGRESSIVE;
				GCC_WARN_UNUSED_FUNCTION = YES;
				GCC_WARN_UNUSED_VARIABLE = YES;
				IPHONEOS_DEPLOYMENT_TARGET = 8.1;
				MTL_ENABLE_DEBUG_INFO = YES;
				ONLY_ACTIVE_ARCH = YES;
				SDKROOT = iphoneos;
			};
			name = Debug;
		};
		CE89226A1B040E8C0046FA64 /* Release */ = {
			isa = XCBuildConfiguration;
			buildSettings = {
				ALWAYS_SEARCH_USER_PATHS = NO;
				CLANG_CXX_LANGUAGE_STANDARD = "gnu++0x";
				CLANG_CXX_LIBRARY = "libc++";
				CLANG_ENABLE_MODULES = YES;
				CLANG_ENABLE_OBJC_ARC = YES;
				CLANG_WARN_BOOL_CONVERSION = YES;
				CLANG_WARN_CONSTANT_CONVERSION = YES;
				CLANG_WARN_DIRECT_OBJC_ISA_USAGE = YES_ERROR;
				CLANG_WARN_EMPTY_BODY = YES;
				CLANG_WARN_ENUM_CONVERSION = YES;
				CLANG_WARN_INT_CONVERSION = YES;
				CLANG_WARN_OBJC_ROOT_CLASS = YES_ERROR;
				CLANG_WARN_UNREACHABLE_CODE = YES;
				CLANG_WARN__DUPLICATE_METHOD_MATCH = YES;
				"CODE_SIGN_IDENTITY[sdk=iphoneos*]" = "iPhone Developer";
				COPY_PHASE_STRIP = YES;
				ENABLE_NS_ASSERTIONS = NO;
				ENABLE_STRICT_OBJC_MSGSEND = YES;
				GCC_C_LANGUAGE_STANDARD = gnu99;
				GCC_WARN_64_TO_32_BIT_CONVERSION = YES;
				GCC_WARN_ABOUT_RETURN_TYPE = YES_ERROR;
				GCC_WARN_UNDECLARED_SELECTOR = YES;
				GCC_WARN_UNINITIALIZED_AUTOS = YES_AGGRESSIVE;
				GCC_WARN_UNUSED_FUNCTION = YES;
				GCC_WARN_UNUSED_VARIABLE = YES;
				IPHONEOS_DEPLOYMENT_TARGET = 8.1;
				MTL_ENABLE_DEBUG_INFO = NO;
				SDKROOT = iphoneos;
				VALIDATE_PRODUCT = YES;
			};
			name = Release;
		};
		CE89226C1B040E8C0046FA64 /* Debug */ = {
			isa = XCBuildConfiguration;
			buildSettings = {
				ASSETCATALOG_COMPILER_APPICON_NAME = AppIcon;
				INFOPLIST_FILE = GitHubExample/Info.plist;
				LD_RUNPATH_SEARCH_PATHS = "$(inherited) @executable_path/Frameworks";
				PRODUCT_NAME = "$(TARGET_NAME)";
			};
			name = Debug;
		};
		CE89226D1B040E8C0046FA64 /* Release */ = {
			isa = XCBuildConfiguration;
			buildSettings = {
				ASSETCATALOG_COMPILER_APPICON_NAME = AppIcon;
				INFOPLIST_FILE = GitHubExample/Info.plist;
				LD_RUNPATH_SEARCH_PATHS = "$(inherited) @executable_path/Frameworks";
				PRODUCT_NAME = "$(TARGET_NAME)";
			};
			name = Release;
		};
		CE89226F1B040E8C0046FA64 /* Debug */ = {
			isa = XCBuildConfiguration;
			buildSettings = {
				BUNDLE_LOADER = "$(TEST_HOST)";
				FRAMEWORK_SEARCH_PATHS = (
					"$(SDKROOT)/Developer/Library/Frameworks",
					"$(inherited)",
				);
				GCC_PREPROCESSOR_DEFINITIONS = (
					"DEBUG=1",
					"$(inherited)",
				);
				INFOPLIST_FILE = GitHubExampleTests/Info.plist;
				LD_RUNPATH_SEARCH_PATHS = "$(inherited) @executable_path/Frameworks @loader_path/Frameworks";
				PRODUCT_NAME = "$(TARGET_NAME)";
				TEST_HOST = "$(BUILT_PRODUCTS_DIR)/GitHubExample.app/GitHubExample";
			};
			name = Debug;
		};
		CE8922701B040E8C0046FA64 /* Release */ = {
			isa = XCBuildConfiguration;
			buildSettings = {
				BUNDLE_LOADER = "$(TEST_HOST)";
				FRAMEWORK_SEARCH_PATHS = (
					"$(SDKROOT)/Developer/Library/Frameworks",
					"$(inherited)",
				);
				INFOPLIST_FILE = GitHubExampleTests/Info.plist;
				LD_RUNPATH_SEARCH_PATHS = "$(inherited) @executable_path/Frameworks @loader_path/Frameworks";
				PRODUCT_NAME = "$(TARGET_NAME)";
				TEST_HOST = "$(BUILT_PRODUCTS_DIR)/GitHubExample.app/GitHubExample";
			};
			name = Release;
		};
/* End XCBuildConfiguration section */

/* Begin XCConfigurationList section */
		CE8922431B040E8C0046FA64 /* Build configuration list for PBXProject "GitHubExample" */ = {
			isa = XCConfigurationList;
			buildConfigurations = (
				CE8922691B040E8C0046FA64 /* Debug */,
				CE89226A1B040E8C0046FA64 /* Release */,
			);
			defaultConfigurationIsVisible = 0;
			defaultConfigurationName = Release;
		};
		CE89226B1B040E8C0046FA64 /* Build configuration list for PBXNativeTarget "GitHubExample" */ = {
			isa = XCConfigurationList;
			buildConfigurations = (
				CE89226C1B040E8C0046FA64 /* Debug */,
				CE89226D1B040E8C0046FA64 /* Release */,
			);
			defaultConfigurationIsVisible = 0;
		};
		CE89226E1B040E8C0046FA64 /* Build configuration list for PBXNativeTarget "GitHubExampleTests" */ = {
			isa = XCConfigurationList;
			buildConfigurations = (
				CE89226F1B040E8C0046FA64 /* Debug */,
				CE8922701B040E8C0046FA64 /* Release */,
			);
			defaultConfigurationIsVisible = 0;
		};
/* End XCConfigurationList section */
	};
	rootObject = CE8922401B040E8C0046FA64 /* Project object */;
}
